
Microsoft Visual Studio Solution File, Format Version 12.00
# Visual Studio Version 16
VisualStudioVersion = 16.0.31105.61
MinimumVisualStudioVersion = 10.0.40219.1
Project("{9A19103F-16F7-4668-BE54-9A1E7A4F7556}") = "WebAPI", "WebAPI\WebAPI.csproj", "{A59A669B-4977-431C-A957-853AA9B076B7}"
EndProject
Project("{FAE04EC0-301F-11D3-BF4B-00C04F79EFBC}") = "UnitTests", "UnitTests\UnitTests.csproj", "{A3F9A488-F83D-4D12-B850-91E53F35F33A}"
EndProject
Global
	GlobalSection(SolutionConfigurationPlatforms) = preSolution
		Debug|Any CPU = Debug|Any CPU
		Release|Any CPU = Release|Any CPU
	EndGlobalSection
	GlobalSection(ProjectConfigurationPlatforms) = postSolution
		{A59A669B-4977-431C-A957-853AA9B076B7}.Debug|Any CPU.ActiveCfg = Debug|Any CPU
		{A59A669B-4977-431C-A957-853AA9B076B7}.Debug|Any CPU.Build.0 = Debug|Any CPU
		{A59A669B-4977-431C-A957-853AA9B076B7}.Release|Any CPU.ActiveCfg = Release|Any CPU
		{A59A669B-4977-431C-A957-853AA9B076B7}.Release|Any CPU.Build.0 = Release|Any CPU
		{A3F9A488-F83D-4D12-B850-91E53F35F33A}.Debug|Any CPU.ActiveCfg = Debug|Any CPU
		{A3F9A488-F83D-4D12-B850-91E53F35F33A}.Debug|Any CPU.Build.0 = Debug|Any CPU
		{A3F9A488-F83D-4D12-B850-91E53F35F33A}.Release|Any CPU.ActiveCfg = Release|Any CPU
		{A3F9A488-F83D-4D12-B850-91E53F35F33A}.Release|Any CPU.Build.0 = Release|Any CPU
	EndGlobalSection
	GlobalSection(SolutionProperties) = preSolution
		HideSolutionNode = FALSE
	EndGlobalSection
	GlobalSection(ExtensibilityGlobals) = postSolution
		SolutionGuid = {B1D3ED82-B5A2-45C1-8642-3C79522D8959}
	EndGlobalSection
EndGlobal
